
Microsoft Visual Studio Solution File, Format Version 12.00
# Visual Studio 2012
VisualStudioVersion = 14.0.24720.0
MinimumVisualStudioVersion = 10.0.40219.1
Project("{FAE04EC0-301F-11D3-BF4B-00C04F79EFBC}") = "ReferenceGenerator", "src\ReferenceGenerator\ReferenceGenerator.csproj", "{D3F17CBE-FC99-4B13-92CC-0AD3A1CDEFE7}"
	ProjectSection(ProjectDependencies) = postProject
		{DA03B415-AE61-4218-82B9-F5CFF0B7AF88} = {DA03B415-AE61-4218-82B9-F5CFF0B7AF88}
	EndProjectSection
EndProject
Project("{2150E333-8FDC-42A3-9474-1A3956D46DE8}") = "Solution Items", "Solution Items", "{2051B7B0-11F4-4ED1-8BEA-4E1A79663A25}"
	ProjectSection(SolutionItems) = preProject
		.gitattributes = .gitattributes
		.gitignore = .gitignore
		scripts\BuildPackageLayout.cmd = scripts\BuildPackageLayout.cmd
		NuSpec.ReferenceGenerator.nuspec = NuSpec.ReferenceGenerator.nuspec
		readme.md = readme.md
	EndProjectSection
EndProject
Global
	GlobalSection(SolutionConfigurationPlatforms) = preSolution
		Debug|Any CPU = Debug|Any CPU
		Debug|ARM = Debug|ARM
		Debug|x64 = Debug|x64
		Debug|x86 = Debug|x86
		Release|Any CPU = Release|Any CPU
		Release|ARM = Release|ARM
		Release|x64 = Release|x64
		Release|x86 = Release|x86
	EndGlobalSection
	GlobalSection(ProjectConfigurationPlatforms) = postSolution
		{D3F17CBE-FC99-4B13-92CC-0AD3A1CDEFE7}.Debug|Any CPU.ActiveCfg = Debug|Any CPU
		{D3F17CBE-FC99-4B13-92CC-0AD3A1CDEFE7}.Debug|Any CPU.Build.0 = Debug|Any CPU
		{D3F17CBE-FC99-4B13-92CC-0AD3A1CDEFE7}.Debug|ARM.ActiveCfg = Debug|Any CPU
		{D3F17CBE-FC99-4B13-92CC-0AD3A1CDEFE7}.Debug|ARM.Build.0 = Debug|Any CPU
		{D3F17CBE-FC99-4B13-92CC-0AD3A1CDEFE7}.Debug|x64.ActiveCfg = Debug|Any CPU
		{D3F17CBE-FC99-4B13-92CC-0AD3A1CDEFE7}.Debug|x64.Build.0 = Debug|Any CPU
		{D3F17CBE-FC99-4B13-92CC-0AD3A1CDEFE7}.Debug|x86.ActiveCfg = Debug|Any CPU
		{D3F17CBE-FC99-4B13-92CC-0AD3A1CDEFE7}.Debug|x86.Build.0 = Debug|Any CPU
		{D3F17CBE-FC99-4B13-92CC-0AD3A1CDEFE7}.Release|Any CPU.ActiveCfg = Release|Any CPU
		{D3F17CBE-FC99-4B13-92CC-0AD3A1CDEFE7}.Release|Any CPU.Build.0 = Release|Any CPU
		{D3F17CBE-FC99-4B13-92CC-0AD3A1CDEFE7}.Release|ARM.ActiveCfg = Release|Any CPU
		{D3F17CBE-FC99-4B13-92CC-0AD3A1CDEFE7}.Release|ARM.Build.0 = Release|Any CPU
		{D3F17CBE-FC99-4B13-92CC-0AD3A1CDEFE7}.Release|x64.ActiveCfg = Release|Any CPU
		{D3F17CBE-FC99-4B13-92CC-0AD3A1CDEFE7}.Release|x64.Build.0 = Release|Any CPU
		{D3F17CBE-FC99-4B13-92CC-0AD3A1CDEFE7}.Release|x86.ActiveCfg = Release|Any CPU
		{D3F17CBE-FC99-4B13-92CC-0AD3A1CDEFE7}.Release|x86.Build.0 = Release|Any CPU
	EndGlobalSection
	GlobalSection(NestedProjects) = preSolution
	EndGlobalSection
	GlobalSection(SolutionProperties) = preSolution
		HideSolutionNode = FALSE
	EndGlobalSection
EndGlobal
