
Microsoft Visual Studio Solution File, Format Version 12.00
# Visual Studio 14
VisualStudioVersion = 14.0.25008.0
MinimumVisualStudioVersion = 10.0.40219.1
Project("{FAE04EC0-301F-11D3-BF4B-00C04F79EFBC}") = "ReferenceGenerator", "src\ReferenceGenerator\ReferenceGenerator.csproj", "{D3F17CBE-FC99-4B13-92CC-0AD3A1CDEFE7}"
	ProjectSection(ProjectDependencies) = postProject
		{DA03B415-AE61-4218-82B9-F5CFF0B7AF88} = {DA03B415-AE61-4218-82B9-F5CFF0B7AF88}
		{CC97C224-BAEE-44BB-98E0-77B959D24105} = {CC97C224-BAEE-44BB-98E0-77B959D24105}
		{A0C3BAA3-ABAF-44B6-B117-2F265A07F7A8} = {A0C3BAA3-ABAF-44B6-B117-2F265A07F7A8}
		{4B64D7B3-A396-45CC-9B8C-DAA868E7BB81} = {4B64D7B3-A396-45CC-9B8C-DAA868E7BB81}
		{BE5157E5-169A-4DD9-B514-F114FBCE1612} = {BE5157E5-169A-4DD9-B514-F114FBCE1612}
	EndProjectSection
EndProject
Project("{2150E333-8FDC-42A3-9474-1A3956D46DE8}") = "Solution Items", "Solution Items", "{2051B7B0-11F4-4ED1-8BEA-4E1A79663A25}"
	ProjectSection(SolutionItems) = preProject
		.gitattributes = .gitattributes
		.gitignore = .gitignore
		scripts\BuildPackageLayout.cmd = scripts\BuildPackageLayout.cmd
		NuSpec.ReferenceGenerator.nuspec = NuSpec.ReferenceGenerator.nuspec
		readme.md = readme.md
	EndProjectSection
EndProject
Project("{FAE04EC0-301F-11D3-BF4B-00C04F79EFBC}") = "SampleClassLibrary", "tests\SampleClassLibrary\SampleClassLibrary.csproj", "{CC97C224-BAEE-44BB-98E0-77B959D24105}"
EndProject
Project("{FAE04EC0-301F-11D3-BF4B-00C04F79EFBC}") = "SampleCoreLibrary", "tests\SampleCoreLibrary\SampleCoreLibrary.csproj", "{4B64D7B3-A396-45CC-9B8C-DAA868E7BB81}"
EndProject
Project("{FAE04EC0-301F-11D3-BF4B-00C04F79EFBC}") = "SampleUwpLibrary", "tests\SampleUwpLibrary\SampleUwpLibrary.csproj", "{DA03B415-AE61-4218-82B9-F5CFF0B7AF88}"
EndProject
Project("{FAE04EC0-301F-11D3-BF4B-00C04F79EFBC}") = "SampleProjJsonPcl", "tests\SampleProjJsonPcl\SampleProjJsonPcl.csproj", "{A0C3BAA3-ABAF-44B6-B117-2F265A07F7A8}"
EndProject
Project("{FAE04EC0-301F-11D3-BF4B-00C04F79EFBC}") = "SampleNetStandard11Library", "tests\SampleNetStandard11Library\SampleNetStandard11Library.csproj", "{BE5157E5-169A-4DD9-B514-F114FBCE1612}"
EndProject
Project("{2150E333-8FDC-42A3-9474-1A3956D46DE8}") = "Test Libraries", "Test Libraries", "{9DB4244F-31FF-43C0-9D6C-0DBD816CFD93}"
EndProject
Project("{FAE04EC0-301F-11D3-BF4B-00C04F79EFBC}") = "ReferenceGenerator.Engine", "ReferenceGenerator.Engine\ReferenceGenerator.Engine.csproj", "{3355807C-CA78-4B0C-8EFA-5015CAED676C}"
EndProject
Global
	GlobalSection(SolutionConfigurationPlatforms) = preSolution
		Debug|Any CPU = Debug|Any CPU
		Debug|ARM = Debug|ARM
		Debug|x64 = Debug|x64
		Debug|x86 = Debug|x86
		Release|Any CPU = Release|Any CPU
		Release|ARM = Release|ARM
		Release|x64 = Release|x64
		Release|x86 = Release|x86
	EndGlobalSection
	GlobalSection(ProjectConfigurationPlatforms) = postSolution
		{D3F17CBE-FC99-4B13-92CC-0AD3A1CDEFE7}.Debug|Any CPU.ActiveCfg = Debug|Any CPU
		{D3F17CBE-FC99-4B13-92CC-0AD3A1CDEFE7}.Debug|Any CPU.Build.0 = Debug|Any CPU
		{D3F17CBE-FC99-4B13-92CC-0AD3A1CDEFE7}.Debug|ARM.ActiveCfg = Debug|Any CPU
		{D3F17CBE-FC99-4B13-92CC-0AD3A1CDEFE7}.Debug|ARM.Build.0 = Debug|Any CPU
		{D3F17CBE-FC99-4B13-92CC-0AD3A1CDEFE7}.Debug|x64.ActiveCfg = Debug|Any CPU
		{D3F17CBE-FC99-4B13-92CC-0AD3A1CDEFE7}.Debug|x64.Build.0 = Debug|Any CPU
		{D3F17CBE-FC99-4B13-92CC-0AD3A1CDEFE7}.Debug|x86.ActiveCfg = Debug|Any CPU
		{D3F17CBE-FC99-4B13-92CC-0AD3A1CDEFE7}.Debug|x86.Build.0 = Debug|Any CPU
		{D3F17CBE-FC99-4B13-92CC-0AD3A1CDEFE7}.Release|Any CPU.ActiveCfg = Release|Any CPU
		{D3F17CBE-FC99-4B13-92CC-0AD3A1CDEFE7}.Release|Any CPU.Build.0 = Release|Any CPU
		{D3F17CBE-FC99-4B13-92CC-0AD3A1CDEFE7}.Release|ARM.ActiveCfg = Release|Any CPU
		{D3F17CBE-FC99-4B13-92CC-0AD3A1CDEFE7}.Release|ARM.Build.0 = Release|Any CPU
		{D3F17CBE-FC99-4B13-92CC-0AD3A1CDEFE7}.Release|x64.ActiveCfg = Release|Any CPU
		{D3F17CBE-FC99-4B13-92CC-0AD3A1CDEFE7}.Release|x64.Build.0 = Release|Any CPU
		{D3F17CBE-FC99-4B13-92CC-0AD3A1CDEFE7}.Release|x86.ActiveCfg = Release|Any CPU
		{D3F17CBE-FC99-4B13-92CC-0AD3A1CDEFE7}.Release|x86.Build.0 = Release|Any CPU
		{CC97C224-BAEE-44BB-98E0-77B959D24105}.Debug|Any CPU.ActiveCfg = Debug|Any CPU
		{CC97C224-BAEE-44BB-98E0-77B959D24105}.Debug|Any CPU.Build.0 = Debug|Any CPU
		{CC97C224-BAEE-44BB-98E0-77B959D24105}.Debug|ARM.ActiveCfg = Debug|Any CPU
		{CC97C224-BAEE-44BB-98E0-77B959D24105}.Debug|ARM.Build.0 = Debug|Any CPU
		{CC97C224-BAEE-44BB-98E0-77B959D24105}.Debug|x64.ActiveCfg = Debug|Any CPU
		{CC97C224-BAEE-44BB-98E0-77B959D24105}.Debug|x64.Build.0 = Debug|Any CPU
		{CC97C224-BAEE-44BB-98E0-77B959D24105}.Debug|x86.ActiveCfg = Debug|Any CPU
		{CC97C224-BAEE-44BB-98E0-77B959D24105}.Debug|x86.Build.0 = Debug|Any CPU
		{CC97C224-BAEE-44BB-98E0-77B959D24105}.Release|Any CPU.ActiveCfg = Release|Any CPU
		{CC97C224-BAEE-44BB-98E0-77B959D24105}.Release|Any CPU.Build.0 = Release|Any CPU
		{CC97C224-BAEE-44BB-98E0-77B959D24105}.Release|ARM.ActiveCfg = Release|Any CPU
		{CC97C224-BAEE-44BB-98E0-77B959D24105}.Release|ARM.Build.0 = Release|Any CPU
		{CC97C224-BAEE-44BB-98E0-77B959D24105}.Release|x64.ActiveCfg = Release|Any CPU
		{CC97C224-BAEE-44BB-98E0-77B959D24105}.Release|x64.Build.0 = Release|Any CPU
		{CC97C224-BAEE-44BB-98E0-77B959D24105}.Release|x86.ActiveCfg = Release|Any CPU
		{CC97C224-BAEE-44BB-98E0-77B959D24105}.Release|x86.Build.0 = Release|Any CPU
		{4B64D7B3-A396-45CC-9B8C-DAA868E7BB81}.Debug|Any CPU.ActiveCfg = Debug|Any CPU
		{4B64D7B3-A396-45CC-9B8C-DAA868E7BB81}.Debug|Any CPU.Build.0 = Debug|Any CPU
		{4B64D7B3-A396-45CC-9B8C-DAA868E7BB81}.Debug|ARM.ActiveCfg = Debug|Any CPU
		{4B64D7B3-A396-45CC-9B8C-DAA868E7BB81}.Debug|ARM.Build.0 = Debug|Any CPU
		{4B64D7B3-A396-45CC-9B8C-DAA868E7BB81}.Debug|x64.ActiveCfg = Debug|Any CPU
		{4B64D7B3-A396-45CC-9B8C-DAA868E7BB81}.Debug|x64.Build.0 = Debug|Any CPU
		{4B64D7B3-A396-45CC-9B8C-DAA868E7BB81}.Debug|x86.ActiveCfg = Debug|Any CPU
		{4B64D7B3-A396-45CC-9B8C-DAA868E7BB81}.Debug|x86.Build.0 = Debug|Any CPU
		{4B64D7B3-A396-45CC-9B8C-DAA868E7BB81}.Release|Any CPU.ActiveCfg = Release|Any CPU
		{4B64D7B3-A396-45CC-9B8C-DAA868E7BB81}.Release|Any CPU.Build.0 = Release|Any CPU
		{4B64D7B3-A396-45CC-9B8C-DAA868E7BB81}.Release|ARM.ActiveCfg = Release|Any CPU
		{4B64D7B3-A396-45CC-9B8C-DAA868E7BB81}.Release|ARM.Build.0 = Release|Any CPU
		{4B64D7B3-A396-45CC-9B8C-DAA868E7BB81}.Release|x64.ActiveCfg = Release|Any CPU
		{4B64D7B3-A396-45CC-9B8C-DAA868E7BB81}.Release|x64.Build.0 = Release|Any CPU
		{4B64D7B3-A396-45CC-9B8C-DAA868E7BB81}.Release|x86.ActiveCfg = Release|Any CPU
		{4B64D7B3-A396-45CC-9B8C-DAA868E7BB81}.Release|x86.Build.0 = Release|Any CPU
		{DA03B415-AE61-4218-82B9-F5CFF0B7AF88}.Debug|Any CPU.ActiveCfg = Debug|Any CPU
		{DA03B415-AE61-4218-82B9-F5CFF0B7AF88}.Debug|Any CPU.Build.0 = Debug|Any CPU
		{DA03B415-AE61-4218-82B9-F5CFF0B7AF88}.Debug|ARM.ActiveCfg = Debug|ARM
		{DA03B415-AE61-4218-82B9-F5CFF0B7AF88}.Debug|ARM.Build.0 = Debug|ARM
		{DA03B415-AE61-4218-82B9-F5CFF0B7AF88}.Debug|x64.ActiveCfg = Debug|x64
		{DA03B415-AE61-4218-82B9-F5CFF0B7AF88}.Debug|x64.Build.0 = Debug|x64
		{DA03B415-AE61-4218-82B9-F5CFF0B7AF88}.Debug|x86.ActiveCfg = Debug|x86
		{DA03B415-AE61-4218-82B9-F5CFF0B7AF88}.Debug|x86.Build.0 = Debug|x86
		{DA03B415-AE61-4218-82B9-F5CFF0B7AF88}.Release|Any CPU.ActiveCfg = Release|Any CPU
		{DA03B415-AE61-4218-82B9-F5CFF0B7AF88}.Release|Any CPU.Build.0 = Release|Any CPU
		{DA03B415-AE61-4218-82B9-F5CFF0B7AF88}.Release|ARM.ActiveCfg = Release|ARM
		{DA03B415-AE61-4218-82B9-F5CFF0B7AF88}.Release|ARM.Build.0 = Release|ARM
		{DA03B415-AE61-4218-82B9-F5CFF0B7AF88}.Release|x64.ActiveCfg = Release|x64
		{DA03B415-AE61-4218-82B9-F5CFF0B7AF88}.Release|x64.Build.0 = Release|x64
		{DA03B415-AE61-4218-82B9-F5CFF0B7AF88}.Release|x86.ActiveCfg = Release|x86
		{DA03B415-AE61-4218-82B9-F5CFF0B7AF88}.Release|x86.Build.0 = Release|x86
		{A0C3BAA3-ABAF-44B6-B117-2F265A07F7A8}.Debug|Any CPU.ActiveCfg = Debug|Any CPU
		{A0C3BAA3-ABAF-44B6-B117-2F265A07F7A8}.Debug|Any CPU.Build.0 = Debug|Any CPU
		{A0C3BAA3-ABAF-44B6-B117-2F265A07F7A8}.Debug|ARM.ActiveCfg = Debug|Any CPU
		{A0C3BAA3-ABAF-44B6-B117-2F265A07F7A8}.Debug|ARM.Build.0 = Debug|Any CPU
		{A0C3BAA3-ABAF-44B6-B117-2F265A07F7A8}.Debug|x64.ActiveCfg = Debug|Any CPU
		{A0C3BAA3-ABAF-44B6-B117-2F265A07F7A8}.Debug|x64.Build.0 = Debug|Any CPU
		{A0C3BAA3-ABAF-44B6-B117-2F265A07F7A8}.Debug|x86.ActiveCfg = Debug|Any CPU
		{A0C3BAA3-ABAF-44B6-B117-2F265A07F7A8}.Debug|x86.Build.0 = Debug|Any CPU
		{A0C3BAA3-ABAF-44B6-B117-2F265A07F7A8}.Release|Any CPU.ActiveCfg = Release|Any CPU
		{A0C3BAA3-ABAF-44B6-B117-2F265A07F7A8}.Release|Any CPU.Build.0 = Release|Any CPU
		{A0C3BAA3-ABAF-44B6-B117-2F265A07F7A8}.Release|ARM.ActiveCfg = Release|Any CPU
		{A0C3BAA3-ABAF-44B6-B117-2F265A07F7A8}.Release|ARM.Build.0 = Release|Any CPU
		{A0C3BAA3-ABAF-44B6-B117-2F265A07F7A8}.Release|x64.ActiveCfg = Release|Any CPU
		{A0C3BAA3-ABAF-44B6-B117-2F265A07F7A8}.Release|x64.Build.0 = Release|Any CPU
		{A0C3BAA3-ABAF-44B6-B117-2F265A07F7A8}.Release|x86.ActiveCfg = Release|Any CPU
		{A0C3BAA3-ABAF-44B6-B117-2F265A07F7A8}.Release|x86.Build.0 = Release|Any CPU
		{BE5157E5-169A-4DD9-B514-F114FBCE1612}.Debug|Any CPU.ActiveCfg = Debug|Any CPU
		{BE5157E5-169A-4DD9-B514-F114FBCE1612}.Debug|Any CPU.Build.0 = Debug|Any CPU
		{BE5157E5-169A-4DD9-B514-F114FBCE1612}.Debug|ARM.ActiveCfg = Debug|Any CPU
		{BE5157E5-169A-4DD9-B514-F114FBCE1612}.Debug|ARM.Build.0 = Debug|Any CPU
		{BE5157E5-169A-4DD9-B514-F114FBCE1612}.Debug|x64.ActiveCfg = Debug|Any CPU
		{BE5157E5-169A-4DD9-B514-F114FBCE1612}.Debug|x64.Build.0 = Debug|Any CPU
		{BE5157E5-169A-4DD9-B514-F114FBCE1612}.Debug|x86.ActiveCfg = Debug|Any CPU
		{BE5157E5-169A-4DD9-B514-F114FBCE1612}.Debug|x86.Build.0 = Debug|Any CPU
		{BE5157E5-169A-4DD9-B514-F114FBCE1612}.Release|Any CPU.ActiveCfg = Release|Any CPU
		{BE5157E5-169A-4DD9-B514-F114FBCE1612}.Release|Any CPU.Build.0 = Release|Any CPU
		{BE5157E5-169A-4DD9-B514-F114FBCE1612}.Release|ARM.ActiveCfg = Release|Any CPU
		{BE5157E5-169A-4DD9-B514-F114FBCE1612}.Release|ARM.Build.0 = Release|Any CPU
		{BE5157E5-169A-4DD9-B514-F114FBCE1612}.Release|x64.ActiveCfg = Release|Any CPU
		{BE5157E5-169A-4DD9-B514-F114FBCE1612}.Release|x64.Build.0 = Release|Any CPU
		{BE5157E5-169A-4DD9-B514-F114FBCE1612}.Release|x86.ActiveCfg = Release|Any CPU
		{BE5157E5-169A-4DD9-B514-F114FBCE1612}.Release|x86.Build.0 = Release|Any CPU
		{3355807C-CA78-4B0C-8EFA-5015CAED676C}.Debug|Any CPU.ActiveCfg = Debug|Any CPU
		{3355807C-CA78-4B0C-8EFA-5015CAED676C}.Debug|Any CPU.Build.0 = Debug|Any CPU
		{3355807C-CA78-4B0C-8EFA-5015CAED676C}.Debug|ARM.ActiveCfg = Debug|Any CPU
		{3355807C-CA78-4B0C-8EFA-5015CAED676C}.Debug|ARM.Build.0 = Debug|Any CPU
		{3355807C-CA78-4B0C-8EFA-5015CAED676C}.Debug|x64.ActiveCfg = Debug|Any CPU
		{3355807C-CA78-4B0C-8EFA-5015CAED676C}.Debug|x64.Build.0 = Debug|Any CPU
		{3355807C-CA78-4B0C-8EFA-5015CAED676C}.Debug|x86.ActiveCfg = Debug|Any CPU
		{3355807C-CA78-4B0C-8EFA-5015CAED676C}.Debug|x86.Build.0 = Debug|Any CPU
		{3355807C-CA78-4B0C-8EFA-5015CAED676C}.Release|Any CPU.ActiveCfg = Release|Any CPU
		{3355807C-CA78-4B0C-8EFA-5015CAED676C}.Release|Any CPU.Build.0 = Release|Any CPU
		{3355807C-CA78-4B0C-8EFA-5015CAED676C}.Release|ARM.ActiveCfg = Release|Any CPU
		{3355807C-CA78-4B0C-8EFA-5015CAED676C}.Release|ARM.Build.0 = Release|Any CPU
		{3355807C-CA78-4B0C-8EFA-5015CAED676C}.Release|x64.ActiveCfg = Release|Any CPU
		{3355807C-CA78-4B0C-8EFA-5015CAED676C}.Release|x64.Build.0 = Release|Any CPU
		{3355807C-CA78-4B0C-8EFA-5015CAED676C}.Release|x86.ActiveCfg = Release|Any CPU
		{3355807C-CA78-4B0C-8EFA-5015CAED676C}.Release|x86.Build.0 = Release|Any CPU
	EndGlobalSection
	GlobalSection(SolutionProperties) = preSolution
		HideSolutionNode = FALSE
	EndGlobalSection
	GlobalSection(NestedProjects) = preSolution
		{CC97C224-BAEE-44BB-98E0-77B959D24105} = {9DB4244F-31FF-43C0-9D6C-0DBD816CFD93}
		{4B64D7B3-A396-45CC-9B8C-DAA868E7BB81} = {9DB4244F-31FF-43C0-9D6C-0DBD816CFD93}
		{DA03B415-AE61-4218-82B9-F5CFF0B7AF88} = {9DB4244F-31FF-43C0-9D6C-0DBD816CFD93}
		{A0C3BAA3-ABAF-44B6-B117-2F265A07F7A8} = {9DB4244F-31FF-43C0-9D6C-0DBD816CFD93}
		{BE5157E5-169A-4DD9-B514-F114FBCE1612} = {9DB4244F-31FF-43C0-9D6C-0DBD816CFD93}
	EndGlobalSection
EndGlobal
